// !$*UTF8*$!
{
	archiveVersion = 1;
	classes = {
	};
	objectVersion = 47;
	objects = {

/* Begin PBXAggregateTarget section */
		88774BBA205FE2D200AC5048 /* PayseraAccountsSDK (universal) */ = {
			isa = PBXAggregateTarget;
			buildConfigurationList = 88774BBD205FE2D200AC5048 /* Build configuration list for PBXAggregateTarget "PayseraAccountsSDK (universal)" */;
			buildPhases = (
			);
			dependencies = (
			);
			name = "PayseraAccountsSDK (universal)";
			productName = "PayseraAccountsSDK (universal)";
		};
/* End PBXAggregateTarget section */

/* Begin PBXBuildFile section */
		1C50616220B7F37E00F4CBE7 /* PSGetPaymentCardsFilterRequest.swift in Sources */ = {isa = PBXBuildFile; fileRef = 1C50616120B7F37E00F4CBE7 /* PSGetPaymentCardsFilterRequest.swift */; };
		1C7A2F7220D8E6C000195C0F /* PSPaymentCardLimit.swift in Sources */ = {isa = PBXBuildFile; fileRef = 1C7A2F7120D8E6C000195C0F /* PSPaymentCardLimit.swift */; };
		1C7A2F7420D8EF0200195C0F /* PSPaymentCardPIN.swift in Sources */ = {isa = PBXBuildFile; fileRef = 1C7A2F7320D8EF0200195C0F /* PSPaymentCardPIN.swift */; };
		1C8E982120CE518B000770BB /* PSCreatePaymentCardRequest.swift in Sources */ = {isa = PBXBuildFile; fileRef = 1C8E982020CE518B000770BB /* PSCreatePaymentCardRequest.swift */; };
		1C9E7F73212D890300B6A66D /* PSUpdatePaymentCardLimitRequest.swift in Sources */ = {isa = PBXBuildFile; fileRef = 1C9E7F72212D890300B6A66D /* PSUpdatePaymentCardLimitRequest.swift */; };
		1CB5AC6D20B4090E006CDDE3 /* PSPaymentCard.swift in Sources */ = {isa = PBXBuildFile; fileRef = 1CB5AC6C20B4090E006CDDE3 /* PSPaymentCard.swift */; };
		1CB5AC6F20B43186006CDDE3 /* PSPaymentCardShippingAddress.swift in Sources */ = {isa = PBXBuildFile; fileRef = 1CB5AC6E20B43186006CDDE3 /* PSPaymentCardShippingAddress.swift */; };
		1CB5AC7120B43635006CDDE3 /* PSAccount.swift in Sources */ = {isa = PBXBuildFile; fileRef = 1CB5AC7020B43635006CDDE3 /* PSAccount.swift */; };
		1CB5AC7520B43CCC006CDDE3 /* PSPaymentCardClient.swift in Sources */ = {isa = PBXBuildFile; fileRef = 1CB5AC7420B43CCC006CDDE3 /* PSPaymentCardClient.swift */; };
		1CB5AC7720B43F57006CDDE3 /* PSChargeInfo.swift in Sources */ = {isa = PBXBuildFile; fileRef = 1CB5AC7620B43F57006CDDE3 /* PSChargeInfo.swift */; };
		52D6D9871BEFF229002C0205 /* PayseraAccountsSDK.framework in Frameworks */ = {isa = PBXBuildFile; fileRef = 52D6D97C1BEFF229002C0205 /* PayseraAccountsSDK.framework */; };
		880FCB92206CB29700350F98 /* PayseraAccountsSDK.plist in Resources */ = {isa = PBXBuildFile; fileRef = 880FCB91206CB29700350F98 /* PayseraAccountsSDK.plist */; };
		880FCB94206CB43400350F98 /* PayseraAccountsSDKTests.plist in Resources */ = {isa = PBXBuildFile; fileRef = 880FCB93206CB43400350F98 /* PayseraAccountsSDKTests.plist */; };
		880FCB96206CC6F900350F98 /* PSBalanceInformation.swift in Sources */ = {isa = PBXBuildFile; fileRef = 880FCB95206CC6F900350F98 /* PSBalanceInformation.swift */; };
		88774BCD205FE5F700AC5048 /* Cartfile.resolved in Resources */ = {isa = PBXBuildFile; fileRef = 88774BCB205FE5F700AC5048 /* Cartfile.resolved */; };
		88774BCE205FE5F700AC5048 /* Cartfile in Resources */ = {isa = PBXBuildFile; fileRef = 88774BCC205FE5F700AC5048 /* Cartfile */; };
		88B25A48206A23EB00BE81C5 /* AccountsApiClientFactory.swift in Sources */ = {isa = PBXBuildFile; fileRef = 88B25A44206A23EB00BE81C5 /* AccountsApiClientFactory.swift */; };
		88B25A4A206A23EB00BE81C5 /* AccountsApiClient.swift in Sources */ = {isa = PBXBuildFile; fileRef = 88B25A46206A23EB00BE81C5 /* AccountsApiClient.swift */; };
		88B25A50206A302800BE81C5 /* AccountsApiRequestRouter.swift in Sources */ = {isa = PBXBuildFile; fileRef = 88B25A4D206A302800BE81C5 /* AccountsApiRequestRouter.swift */; };
		88B25A59206A4C6A00BE81C5 /* PSIbanInformation.swift in Sources */ = {isa = PBXBuildFile; fileRef = 88B25A58206A4C6A00BE81C5 /* PSIbanInformation.swift */; };
		8933C7901EB5B82D000D00A4 /* PayseraAccountsSDKTests.swift in Sources */ = {isa = PBXBuildFile; fileRef = 8933C7891EB5B82A000D00A4 /* PayseraAccountsSDKTests.swift */; };
		A71C4E5023C4798C008C6F22 /* PSPaymentCardDeliveryPreference.swift in Sources */ = {isa = PBXBuildFile; fileRef = A71C4E4F23C4798C008C6F22 /* PSPaymentCardDeliveryPreference.swift */; };
		C438A73422DF36AD002B3640 /* PSAuthorization.swift in Sources */ = {isa = PBXBuildFile; fileRef = C438A73322DF36AD002B3640 /* PSAuthorization.swift */; };
		C438A73622DF3DFA002B3640 /* PSSignPermission.swift in Sources */ = {isa = PBXBuildFile; fileRef = C438A73522DF3DFA002B3640 /* PSSignPermission.swift */; };
		C438A73822DF3E56002B3640 /* PSAuthorizationUser.swift in Sources */ = {isa = PBXBuildFile; fileRef = C438A73722DF3E56002B3640 /* PSAuthorizationUser.swift */; };
		C438A73A22DF3E8F002B3640 /* PSCreateAuthorizationRequest.swift in Sources */ = {isa = PBXBuildFile; fileRef = C438A73922DF3E8F002B3640 /* PSCreateAuthorizationRequest.swift */; };
		C43D812522E044E300A94F56 /* PSGetAuthorizationsFilterRequest.swift in Sources */ = {isa = PBXBuildFile; fileRef = C43D812422E044E300A94F56 /* PSGetAuthorizationsFilterRequest.swift */; };
		C47644DD222800AA00E10BD8 /* CompositeEncoding.swift in Sources */ = {isa = PBXBuildFile; fileRef = C47644DC222800AA00E10BD8 /* CompositeEncoding.swift */; };
		C49F76942278566C00C333E1 /* PSClientAllowance.swift in Sources */ = {isa = PBXBuildFile; fileRef = C49F76932278566C00C333E1 /* PSClientAllowance.swift */; };
		ED1091FE21A99BC400C78C79 /* PSQuestionnaire.swift in Sources */ = {isa = PBXBuildFile; fileRef = ED1091FD21A99BC400C78C79 /* PSQuestionnaire.swift */; };
		ED6413E021DE4BE300A35417 /* PSCategorizedAccountNumbers.swift in Sources */ = {isa = PBXBuildFile; fileRef = ED6413DF21DE4BE300A35417 /* PSCategorizedAccountNumbers.swift */; };
		ED6413E221DE4D1700A35417 /* PSGetCategorizedAccountNumbersFilterRequest.swift in Sources */ = {isa = PBXBuildFile; fileRef = ED6413E121DE4D1700A35417 /* PSGetCategorizedAccountNumbersFilterRequest.swift */; };
		ED6937DC21E880240008A1BD /* PSTransfer.swift in Sources */ = {isa = PBXBuildFile; fileRef = ED6937DB21E880240008A1BD /* PSTransfer.swift */; };
		ED6937DE21E880390008A1BD /* PSTransferNotification.swift in Sources */ = {isa = PBXBuildFile; fileRef = ED6937DD21E880390008A1BD /* PSTransferNotification.swift */; };
		ED6937E021E8804D0008A1BD /* PSTransferBeneficiary.swift in Sources */ = {isa = PBXBuildFile; fileRef = ED6937DF21E8804D0008A1BD /* PSTransferBeneficiary.swift */; };
		ED6937E221E881100008A1BD /* PSTransferInitiator.swift in Sources */ = {isa = PBXBuildFile; fileRef = ED6937E121E881100008A1BD /* PSTransferInitiator.swift */; };
		ED6937E421E881340008A1BD /* PSTransferFailureStatus.swift in Sources */ = {isa = PBXBuildFile; fileRef = ED6937E321E881340008A1BD /* PSTransferFailureStatus.swift */; };
		ED6937E621E8828C0008A1BD /* PSTransferPurpose.swift in Sources */ = {isa = PBXBuildFile; fileRef = ED6937E521E8828C0008A1BD /* PSTransferPurpose.swift */; };
		ED6937E821E882A70008A1BD /* PSTransferPayer.swift in Sources */ = {isa = PBXBuildFile; fileRef = ED6937E721E882A70008A1BD /* PSTransferPayer.swift */; };
		ED6937EB21E882D20008A1BD /* Mappable+EnumeratedMapping.swift .swift in Sources */ = {isa = PBXBuildFile; fileRef = ED6937EA21E882D20008A1BD /* Mappable+EnumeratedMapping.swift .swift */; };
		ED6937ED21E882F90008A1BD /* PSTransferStatus.swift in Sources */ = {isa = PBXBuildFile; fileRef = ED6937EC21E882F90008A1BD /* PSTransferStatus.swift */; };
		ED753919206A8ADA004EA953 /* JWTDecode.framework in Frameworks */ = {isa = PBXBuildFile; fileRef = 88B25A55206A361200BE81C5 /* JWTDecode.framework */; };
		ED75391A206A8ADA004EA953 /* ObjectMapper.framework in Frameworks */ = {isa = PBXBuildFile; fileRef = 88B25A53206A315100BE81C5 /* ObjectMapper.framework */; };
		ED75391B206A8ADA004EA953 /* Alamofire.framework in Frameworks */ = {isa = PBXBuildFile; fileRef = 88774BC5205FE5A300AC5048 /* Alamofire.framework */; };
		ED75391C206A8ADA004EA953 /* PromiseKit.framework in Frameworks */ = {isa = PBXBuildFile; fileRef = 88774BC6205FE5A300AC5048 /* PromiseKit.framework */; };
		ED77A6FD2179B39B00723CD3 /* PSPaymentCardDeliveryDate.swift in Sources */ = {isa = PBXBuildFile; fileRef = ED77A6FC2179B39B00723CD3 /* PSPaymentCardDeliveryDate.swift */; };
		ED8FAFFE22BA66FF00792600 /* PayseraCommonSDK.framework in Frameworks */ = {isa = PBXBuildFile; fileRef = ED8FAFFD22BA66FF00792600 /* PayseraCommonSDK.framework */; };
		ED93B7BB23C38FE2006CD25C /* PSPaymentCardDesign.swift in Sources */ = {isa = PBXBuildFile; fileRef = ED93B7BA23C38FE2006CD25C /* PSPaymentCardDesign.swift */; };
		ED93B7BD23C3B830006CD25C /* PSPaymentCardDesignFilter.swift in Sources */ = {isa = PBXBuildFile; fileRef = ED93B7BC23C3B830006CD25C /* PSPaymentCardDesignFilter.swift */; };
		EDADCD4622FAD27A00F96D4B /* PSTransfersResult.swift in Sources */ = {isa = PBXBuildFile; fileRef = EDADCD4522FAD27A00F96D4B /* PSTransfersResult.swift */; };
		EDADCD4822FAD2BF00F96D4B /* PSTransferFilter.swift in Sources */ = {isa = PBXBuildFile; fileRef = EDADCD4722FAD2BF00F96D4B /* PSTransferFilter.swift */; };
		EDC33BB8216E0E4B001C1925 /* PSPaymentCardIssuePrice.swift in Sources */ = {isa = PBXBuildFile; fileRef = EDC33BB7216E0E4B001C1925 /* PSPaymentCardIssuePrice.swift */; };
		EDC33BBA216E0F0B001C1925 /* PSPaymentCardDeliveryPrice.swift in Sources */ = {isa = PBXBuildFile; fileRef = EDC33BB9216E0F0B001C1925 /* PSPaymentCardDeliveryPrice.swift */; };
		EDF44FAF22DC685D002F4522 /* PSPaymentCardDeliveryCountries.swift in Sources */ = {isa = PBXBuildFile; fileRef = EDF44FAE22DC685D002F4522 /* PSPaymentCardDeliveryCountries.swift */; };
/* End PBXBuildFile section */

/* Begin PBXContainerItemProxy section */
		1C1B4D96206E5BEB00FEE074 /* PBXContainerItemProxy */ = {
			isa = PBXContainerItemProxy;
			containerPortal = 52D6D9731BEFF229002C0205 /* Project object */;
			proxyType = 1;
			remoteGlobalIDString = 52D6D97B1BEFF229002C0205;
			remoteInfo = PayseraAccountsSDK;
		};
/* End PBXContainerItemProxy section */

/* Begin PBXCopyFilesBuildPhase section */
		ED75391F206A9153004EA953 /* Copy Files */ = {
			isa = PBXCopyFilesBuildPhase;
			buildActionMask = 2147483647;
			dstPath = "";
			dstSubfolderSpec = 10;
			files = (
			);
			name = "Copy Files";
			runOnlyForDeploymentPostprocessing = 0;
		};
/* End PBXCopyFilesBuildPhase section */

/* Begin PBXFileReference section */
		1C1B4D94206E5BD500FEE074 /* PayseraAccountsSDK.framework */ = {isa = PBXFileReference; lastKnownFileType = wrapper.framework; path = PayseraAccountsSDK.framework; sourceTree = SOURCE_ROOT; };
		1C50616120B7F37E00F4CBE7 /* PSGetPaymentCardsFilterRequest.swift */ = {isa = PBXFileReference; lastKnownFileType = sourcecode.swift; path = PSGetPaymentCardsFilterRequest.swift; sourceTree = "<group>"; };
		1C7A2F7120D8E6C000195C0F /* PSPaymentCardLimit.swift */ = {isa = PBXFileReference; lastKnownFileType = sourcecode.swift; path = PSPaymentCardLimit.swift; sourceTree = "<group>"; };
		1C7A2F7320D8EF0200195C0F /* PSPaymentCardPIN.swift */ = {isa = PBXFileReference; lastKnownFileType = sourcecode.swift; path = PSPaymentCardPIN.swift; sourceTree = "<group>"; };
		1C8E982020CE518B000770BB /* PSCreatePaymentCardRequest.swift */ = {isa = PBXFileReference; lastKnownFileType = sourcecode.swift; path = PSCreatePaymentCardRequest.swift; sourceTree = "<group>"; };
		1C9E7F72212D890300B6A66D /* PSUpdatePaymentCardLimitRequest.swift */ = {isa = PBXFileReference; lastKnownFileType = sourcecode.swift; path = PSUpdatePaymentCardLimitRequest.swift; sourceTree = "<group>"; };
		1CB5AC6C20B4090E006CDDE3 /* PSPaymentCard.swift */ = {isa = PBXFileReference; lastKnownFileType = sourcecode.swift; path = PSPaymentCard.swift; sourceTree = "<group>"; };
		1CB5AC6E20B43186006CDDE3 /* PSPaymentCardShippingAddress.swift */ = {isa = PBXFileReference; lastKnownFileType = sourcecode.swift; path = PSPaymentCardShippingAddress.swift; sourceTree = "<group>"; };
		1CB5AC7020B43635006CDDE3 /* PSAccount.swift */ = {isa = PBXFileReference; lastKnownFileType = sourcecode.swift; path = PSAccount.swift; sourceTree = "<group>"; };
		1CB5AC7420B43CCC006CDDE3 /* PSPaymentCardClient.swift */ = {isa = PBXFileReference; lastKnownFileType = sourcecode.swift; path = PSPaymentCardClient.swift; sourceTree = "<group>"; };
		1CB5AC7620B43F57006CDDE3 /* PSChargeInfo.swift */ = {isa = PBXFileReference; lastKnownFileType = sourcecode.swift; path = PSChargeInfo.swift; sourceTree = "<group>"; };
		52D6D97C1BEFF229002C0205 /* PayseraAccountsSDK.framework */ = {isa = PBXFileReference; explicitFileType = wrapper.framework; includeInIndex = 0; path = PayseraAccountsSDK.framework; sourceTree = BUILT_PRODUCTS_DIR; };
		52D6D9861BEFF229002C0205 /* PayseraAccountsSDK-iOS Tests.xctest */ = {isa = PBXFileReference; explicitFileType = wrapper.cfbundle; includeInIndex = 0; path = "PayseraAccountsSDK-iOS Tests.xctest"; sourceTree = BUILT_PRODUCTS_DIR; };
		880FCB91206CB29700350F98 /* PayseraAccountsSDK.plist */ = {isa = PBXFileReference; fileEncoding = 4; lastKnownFileType = text.plist.xml; path = PayseraAccountsSDK.plist; sourceTree = "<group>"; };
		880FCB93206CB43400350F98 /* PayseraAccountsSDKTests.plist */ = {isa = PBXFileReference; fileEncoding = 4; lastKnownFileType = text.plist.xml; path = PayseraAccountsSDKTests.plist; sourceTree = "<group>"; };
		880FCB95206CC6F900350F98 /* PSBalanceInformation.swift */ = {isa = PBXFileReference; lastKnownFileType = sourcecode.swift; path = PSBalanceInformation.swift; sourceTree = "<group>"; };
		88774BC5205FE5A300AC5048 /* Alamofire.framework */ = {isa = PBXFileReference; lastKnownFileType = wrapper.framework; name = Alamofire.framework; path = Carthage/Build/iOS/Alamofire.framework; sourceTree = "<group>"; };
		88774BC6205FE5A300AC5048 /* PromiseKit.framework */ = {isa = PBXFileReference; lastKnownFileType = wrapper.framework; name = PromiseKit.framework; path = Carthage/Build/iOS/PromiseKit.framework; sourceTree = "<group>"; };
		88774BCB205FE5F700AC5048 /* Cartfile.resolved */ = {isa = PBXFileReference; fileEncoding = 4; lastKnownFileType = text; path = Cartfile.resolved; sourceTree = "<group>"; };
		88774BCC205FE5F700AC5048 /* Cartfile */ = {isa = PBXFileReference; fileEncoding = 4; lastKnownFileType = text; path = Cartfile; sourceTree = "<group>"; };
		88B25A44206A23EB00BE81C5 /* AccountsApiClientFactory.swift */ = {isa = PBXFileReference; fileEncoding = 4; lastKnownFileType = sourcecode.swift; path = AccountsApiClientFactory.swift; sourceTree = "<group>"; };
		88B25A46206A23EB00BE81C5 /* AccountsApiClient.swift */ = {isa = PBXFileReference; fileEncoding = 4; lastKnownFileType = sourcecode.swift; path = AccountsApiClient.swift; sourceTree = "<group>"; };
		88B25A4D206A302800BE81C5 /* AccountsApiRequestRouter.swift */ = {isa = PBXFileReference; fileEncoding = 4; lastKnownFileType = sourcecode.swift; path = AccountsApiRequestRouter.swift; sourceTree = "<group>"; };
		88B25A53206A315100BE81C5 /* ObjectMapper.framework */ = {isa = PBXFileReference; lastKnownFileType = wrapper.framework; name = ObjectMapper.framework; path = Carthage/Build/iOS/ObjectMapper.framework; sourceTree = "<group>"; };
		88B25A55206A361200BE81C5 /* JWTDecode.framework */ = {isa = PBXFileReference; lastKnownFileType = wrapper.framework; name = JWTDecode.framework; path = Carthage/Build/iOS/JWTDecode.framework; sourceTree = "<group>"; };
		88B25A58206A4C6A00BE81C5 /* PSIbanInformation.swift */ = {isa = PBXFileReference; fileEncoding = 4; lastKnownFileType = sourcecode.swift; path = PSIbanInformation.swift; sourceTree = "<group>"; };
		8933C7891EB5B82A000D00A4 /* PayseraAccountsSDKTests.swift */ = {isa = PBXFileReference; fileEncoding = 4; lastKnownFileType = sourcecode.swift; path = PayseraAccountsSDKTests.swift; sourceTree = "<group>"; };
		A71C4E4F23C4798C008C6F22 /* PSPaymentCardDeliveryPreference.swift */ = {isa = PBXFileReference; lastKnownFileType = sourcecode.swift; path = PSPaymentCardDeliveryPreference.swift; sourceTree = "<group>"; };
		AD2FAA261CD0B6D800659CF4 /* PayseraAccountsSDK.plist */ = {isa = PBXFileReference; fileEncoding = 4; lastKnownFileType = text.plist.xml; path = PayseraAccountsSDK.plist; sourceTree = "<group>"; };
		C438A73322DF36AD002B3640 /* PSAuthorization.swift */ = {isa = PBXFileReference; lastKnownFileType = sourcecode.swift; path = PSAuthorization.swift; sourceTree = "<group>"; };
		C438A73522DF3DFA002B3640 /* PSSignPermission.swift */ = {isa = PBXFileReference; lastKnownFileType = sourcecode.swift; path = PSSignPermission.swift; sourceTree = "<group>"; };
		C438A73722DF3E56002B3640 /* PSAuthorizationUser.swift */ = {isa = PBXFileReference; lastKnownFileType = sourcecode.swift; path = PSAuthorizationUser.swift; sourceTree = "<group>"; };
		C438A73922DF3E8F002B3640 /* PSCreateAuthorizationRequest.swift */ = {isa = PBXFileReference; lastKnownFileType = sourcecode.swift; path = PSCreateAuthorizationRequest.swift; sourceTree = "<group>"; };
		C43D812422E044E300A94F56 /* PSGetAuthorizationsFilterRequest.swift */ = {isa = PBXFileReference; lastKnownFileType = sourcecode.swift; path = PSGetAuthorizationsFilterRequest.swift; sourceTree = "<group>"; };
		C47644DC222800AA00E10BD8 /* CompositeEncoding.swift */ = {isa = PBXFileReference; lastKnownFileType = sourcecode.swift; path = CompositeEncoding.swift; sourceTree = "<group>"; };
		C49F76932278566C00C333E1 /* PSClientAllowance.swift */ = {isa = PBXFileReference; lastKnownFileType = sourcecode.swift; path = PSClientAllowance.swift; sourceTree = "<group>"; };
		ED1091FD21A99BC400C78C79 /* PSQuestionnaire.swift */ = {isa = PBXFileReference; lastKnownFileType = sourcecode.swift; path = PSQuestionnaire.swift; sourceTree = "<group>"; };
		ED6413DF21DE4BE300A35417 /* PSCategorizedAccountNumbers.swift */ = {isa = PBXFileReference; lastKnownFileType = sourcecode.swift; path = PSCategorizedAccountNumbers.swift; sourceTree = "<group>"; };
		ED6413E121DE4D1700A35417 /* PSGetCategorizedAccountNumbersFilterRequest.swift */ = {isa = PBXFileReference; lastKnownFileType = sourcecode.swift; path = PSGetCategorizedAccountNumbersFilterRequest.swift; sourceTree = "<group>"; };
		ED6937DB21E880240008A1BD /* PSTransfer.swift */ = {isa = PBXFileReference; lastKnownFileType = sourcecode.swift; path = PSTransfer.swift; sourceTree = "<group>"; };
		ED6937DD21E880390008A1BD /* PSTransferNotification.swift */ = {isa = PBXFileReference; lastKnownFileType = sourcecode.swift; path = PSTransferNotification.swift; sourceTree = "<group>"; };
		ED6937DF21E8804D0008A1BD /* PSTransferBeneficiary.swift */ = {isa = PBXFileReference; lastKnownFileType = sourcecode.swift; path = PSTransferBeneficiary.swift; sourceTree = "<group>"; };
		ED6937E121E881100008A1BD /* PSTransferInitiator.swift */ = {isa = PBXFileReference; lastKnownFileType = sourcecode.swift; path = PSTransferInitiator.swift; sourceTree = "<group>"; };
		ED6937E321E881340008A1BD /* PSTransferFailureStatus.swift */ = {isa = PBXFileReference; lastKnownFileType = sourcecode.swift; path = PSTransferFailureStatus.swift; sourceTree = "<group>"; };
		ED6937E521E8828C0008A1BD /* PSTransferPurpose.swift */ = {isa = PBXFileReference; lastKnownFileType = sourcecode.swift; path = PSTransferPurpose.swift; sourceTree = "<group>"; };
		ED6937E721E882A70008A1BD /* PSTransferPayer.swift */ = {isa = PBXFileReference; lastKnownFileType = sourcecode.swift; path = PSTransferPayer.swift; sourceTree = "<group>"; };
		ED6937EA21E882D20008A1BD /* Mappable+EnumeratedMapping.swift .swift */ = {isa = PBXFileReference; lastKnownFileType = sourcecode.swift; path = "Mappable+EnumeratedMapping.swift .swift"; sourceTree = "<group>"; };
		ED6937EC21E882F90008A1BD /* PSTransferStatus.swift */ = {isa = PBXFileReference; lastKnownFileType = sourcecode.swift; path = PSTransferStatus.swift; sourceTree = "<group>"; };
		ED77A6FC2179B39B00723CD3 /* PSPaymentCardDeliveryDate.swift */ = {isa = PBXFileReference; lastKnownFileType = sourcecode.swift; path = PSPaymentCardDeliveryDate.swift; sourceTree = "<group>"; };
		ED8FAFFD22BA66FF00792600 /* PayseraCommonSDK.framework */ = {isa = PBXFileReference; lastKnownFileType = wrapper.framework; name = PayseraCommonSDK.framework; path = Carthage/Build/iOS/PayseraCommonSDK.framework; sourceTree = "<group>"; };
		ED93B7BA23C38FE2006CD25C /* PSPaymentCardDesign.swift */ = {isa = PBXFileReference; lastKnownFileType = sourcecode.swift; path = PSPaymentCardDesign.swift; sourceTree = "<group>"; };
		ED93B7BC23C3B830006CD25C /* PSPaymentCardDesignFilter.swift */ = {isa = PBXFileReference; lastKnownFileType = sourcecode.swift; path = PSPaymentCardDesignFilter.swift; sourceTree = "<group>"; };
		EDADCD4522FAD27A00F96D4B /* PSTransfersResult.swift */ = {isa = PBXFileReference; lastKnownFileType = sourcecode.swift; path = PSTransfersResult.swift; sourceTree = "<group>"; };
		EDADCD4722FAD2BF00F96D4B /* PSTransferFilter.swift */ = {isa = PBXFileReference; lastKnownFileType = sourcecode.swift; path = PSTransferFilter.swift; sourceTree = "<group>"; };
		EDC33BB7216E0E4B001C1925 /* PSPaymentCardIssuePrice.swift */ = {isa = PBXFileReference; lastKnownFileType = sourcecode.swift; path = PSPaymentCardIssuePrice.swift; sourceTree = "<group>"; };
		EDC33BB9216E0F0B001C1925 /* PSPaymentCardDeliveryPrice.swift */ = {isa = PBXFileReference; lastKnownFileType = sourcecode.swift; path = PSPaymentCardDeliveryPrice.swift; sourceTree = "<group>"; };
		EDF44FAE22DC685D002F4522 /* PSPaymentCardDeliveryCountries.swift */ = {isa = PBXFileReference; lastKnownFileType = sourcecode.swift; path = PSPaymentCardDeliveryCountries.swift; sourceTree = "<group>"; };
/* End PBXFileReference section */

/* Begin PBXFrameworksBuildPhase section */
		52D6D9781BEFF229002C0205 /* Frameworks */ = {
			isa = PBXFrameworksBuildPhase;
			buildActionMask = 2147483647;
			files = (
				ED8FAFFE22BA66FF00792600 /* PayseraCommonSDK.framework in Frameworks */,
			);
			runOnlyForDeploymentPostprocessing = 0;
		};
		52D6D9831BEFF229002C0205 /* Frameworks */ = {
			isa = PBXFrameworksBuildPhase;
			buildActionMask = 2147483647;
			files = (
				ED75391C206A8ADA004EA953 /* PromiseKit.framework in Frameworks */,
				ED753919206A8ADA004EA953 /* JWTDecode.framework in Frameworks */,
				ED75391B206A8ADA004EA953 /* Alamofire.framework in Frameworks */,
				52D6D9871BEFF229002C0205 /* PayseraAccountsSDK.framework in Frameworks */,
				ED75391A206A8ADA004EA953 /* ObjectMapper.framework in Frameworks */,
			);
			runOnlyForDeploymentPostprocessing = 0;
		};
/* End PBXFrameworksBuildPhase section */

/* Begin PBXGroup section */
		1CB5AC6B20B405B7006CDDE3 /* Cards */ = {
			isa = PBXGroup;
			children = (
				1CFE792620D939AF00366CF8 /* Requests */,
				1CB5AC7620B43F57006CDDE3 /* PSChargeInfo.swift */,
				1CB5AC6C20B4090E006CDDE3 /* PSPaymentCard.swift */,
				1CB5AC7420B43CCC006CDDE3 /* PSPaymentCardClient.swift */,
				1C7A2F7120D8E6C000195C0F /* PSPaymentCardLimit.swift */,
				1C7A2F7320D8EF0200195C0F /* PSPaymentCardPIN.swift */,
				1CB5AC6E20B43186006CDDE3 /* PSPaymentCardShippingAddress.swift */,
				EDC33BB7216E0E4B001C1925 /* PSPaymentCardIssuePrice.swift */,
				EDC33BB9216E0F0B001C1925 /* PSPaymentCardDeliveryPrice.swift */,
				ED77A6FC2179B39B00723CD3 /* PSPaymentCardDeliveryDate.swift */,
				ED6413DF21DE4BE300A35417 /* PSCategorizedAccountNumbers.swift */,
				A71C4E4F23C4798C008C6F22 /* PSPaymentCardDeliveryPreference.swift */,
				ED93B7BA23C38FE2006CD25C /* PSPaymentCardDesign.swift */,
				ED93B7BC23C3B830006CD25C /* PSPaymentCardDesignFilter.swift */,
			);
			path = Cards;
			sourceTree = "<group>";
		};
		1CFE792620D939AF00366CF8 /* Requests */ = {
			isa = PBXGroup;
			children = (
				1C8E982020CE518B000770BB /* PSCreatePaymentCardRequest.swift */,
				1C50616120B7F37E00F4CBE7 /* PSGetPaymentCardsFilterRequest.swift */,
				1C9E7F72212D890300B6A66D /* PSUpdatePaymentCardLimitRequest.swift */,
				ED6413E121DE4D1700A35417 /* PSGetCategorizedAccountNumbersFilterRequest.swift */,
			);
			path = Requests;
			sourceTree = "<group>";
		};
		52D6D9721BEFF229002C0205 = {
			isa = PBXGroup;
			children = (
				88774BCC205FE5F700AC5048 /* Cartfile */,
				88774BCB205FE5F700AC5048 /* Cartfile.resolved */,
				88774BC0205FE53C00AC5048 /* Carthage */,
				8933C7811EB5B7E0000D00A4 /* Sources */,
				8933C7831EB5B7EB000D00A4 /* Tests */,
				52D6D99C1BEFF38C002C0205 /* Configs */,
				52D6D97D1BEFF229002C0205 /* Products */,
			);
			sourceTree = "<group>";
		};
		52D6D97D1BEFF229002C0205 /* Products */ = {
			isa = PBXGroup;
			children = (
				52D6D97C1BEFF229002C0205 /* PayseraAccountsSDK.framework */,
				52D6D9861BEFF229002C0205 /* PayseraAccountsSDK-iOS Tests.xctest */,
			);
			name = Products;
			sourceTree = "<group>";
		};
		52D6D99C1BEFF38C002C0205 /* Configs */ = {
			isa = PBXGroup;
			children = (
				DD7502721C68FC1B006590AF /* Frameworks */,
				DD7502731C68FC20006590AF /* Tests */,
			);
			path = Configs;
			sourceTree = "<group>";
		};
		88774BC0205FE53C00AC5048 /* Carthage */ = {
			isa = PBXGroup;
			children = (
				ED8FAFFD22BA66FF00792600 /* PayseraCommonSDK.framework */,
				88B25A55206A361200BE81C5 /* JWTDecode.framework */,
				88B25A53206A315100BE81C5 /* ObjectMapper.framework */,
				88774BC5205FE5A300AC5048 /* Alamofire.framework */,
				88774BC6205FE5A300AC5048 /* PromiseKit.framework */,
			);
			name = Carthage;
			sourceTree = "<group>";
		};
		88B25A57206A4C6A00BE81C5 /* Entities */ = {
			isa = PBXGroup;
			children = (
				C438A73222DF3681002B3640 /* Authorizations */,
				ED6937DA21E8801B0008A1BD /* Transfers */,
				1CB5AC6B20B405B7006CDDE3 /* Cards */,
				1CB5AC7020B43635006CDDE3 /* PSAccount.swift */,
				880FCB95206CC6F900350F98 /* PSBalanceInformation.swift */,
				88B25A58206A4C6A00BE81C5 /* PSIbanInformation.swift */,
				ED1091FD21A99BC400C78C79 /* PSQuestionnaire.swift */,
				C49F76932278566C00C333E1 /* PSClientAllowance.swift */,
				EDF44FAE22DC685D002F4522 /* PSPaymentCardDeliveryCountries.swift */,
			);
			path = Entities;
			sourceTree = "<group>";
		};
		88B25A5A206A4C9400BE81C5 /* Services */ = {
			isa = PBXGroup;
			children = (
				88B25A46206A23EB00BE81C5 /* AccountsApiClient.swift */,
				88B25A44206A23EB00BE81C5 /* AccountsApiClientFactory.swift */,
			);
			path = Services;
			sourceTree = "<group>";
		};
		8933C7811EB5B7E0000D00A4 /* Sources */ = {
			isa = PBXGroup;
			children = (
				C47644DE2228028F00E10BD8 /* Common */,
				ED6937E921E882CC0008A1BD /* Extensions */,
				88B25A57206A4C6A00BE81C5 /* Entities */,
				88B25A5A206A4C9400BE81C5 /* Services */,
				88B25A4D206A302800BE81C5 /* AccountsApiRequestRouter.swift */,
			);
			path = Sources;
			sourceTree = "<group>";
		};
		8933C7831EB5B7EB000D00A4 /* Tests */ = {
			isa = PBXGroup;
			children = (
				8933C7891EB5B82A000D00A4 /* PayseraAccountsSDKTests.swift */,
			);
			name = Tests;
			path = Tests/PayseraAccountsSDKTests;
			sourceTree = "<group>";
		};
		C438A73222DF3681002B3640 /* Authorizations */ = {
			isa = PBXGroup;
			children = (
				C438A73322DF36AD002B3640 /* PSAuthorization.swift */,
				C438A73522DF3DFA002B3640 /* PSSignPermission.swift */,
				C438A73722DF3E56002B3640 /* PSAuthorizationUser.swift */,
				C438A73922DF3E8F002B3640 /* PSCreateAuthorizationRequest.swift */,
				C43D812422E044E300A94F56 /* PSGetAuthorizationsFilterRequest.swift */,
			);
			path = Authorizations;
			sourceTree = "<group>";
		};
		C47644DE2228028F00E10BD8 /* Common */ = {
			isa = PBXGroup;
			children = (
				C47644DF2228029800E10BD8 /* Services */,
			);
			path = Common;
			sourceTree = "<group>";
		};
		C47644DF2228029800E10BD8 /* Services */ = {
			isa = PBXGroup;
			children = (
				C47644DC222800AA00E10BD8 /* CompositeEncoding.swift */,
			);
			path = Services;
			sourceTree = "<group>";
		};
		DD7502721C68FC1B006590AF /* Frameworks */ = {
			isa = PBXGroup;
			children = (
				AD2FAA261CD0B6D800659CF4 /* PayseraAccountsSDK.plist */,
			);
			name = Frameworks;
			sourceTree = "<group>";
		};
		DD7502731C68FC20006590AF /* Tests */ = {
			isa = PBXGroup;
			children = (
				1C1B4D94206E5BD500FEE074 /* PayseraAccountsSDK.framework */,
				880FCB93206CB43400350F98 /* PayseraAccountsSDKTests.plist */,
				880FCB91206CB29700350F98 /* PayseraAccountsSDK.plist */,
			);
			name = Tests;
			sourceTree = "<group>";
		};
		ED6937DA21E8801B0008A1BD /* Transfers */ = {
			isa = PBXGroup;
			children = (
				ED6937DB21E880240008A1BD /* PSTransfer.swift */,
				ED6937DD21E880390008A1BD /* PSTransferNotification.swift */,
				ED6937DF21E8804D0008A1BD /* PSTransferBeneficiary.swift */,
				ED6937E121E881100008A1BD /* PSTransferInitiator.swift */,
				ED6937E321E881340008A1BD /* PSTransferFailureStatus.swift */,
				ED6937E521E8828C0008A1BD /* PSTransferPurpose.swift */,
				ED6937E721E882A70008A1BD /* PSTransferPayer.swift */,
				ED6937EC21E882F90008A1BD /* PSTransferStatus.swift */,
				EDADCD4522FAD27A00F96D4B /* PSTransfersResult.swift */,
				EDADCD4722FAD2BF00F96D4B /* PSTransferFilter.swift */,
			);
			path = Transfers;
			sourceTree = "<group>";
		};
		ED6937E921E882CC0008A1BD /* Extensions */ = {
			isa = PBXGroup;
			children = (
				ED6937EA21E882D20008A1BD /* Mappable+EnumeratedMapping.swift .swift */,
			);
			path = Extensions;
			sourceTree = "<group>";
		};
/* End PBXGroup section */

/* Begin PBXHeadersBuildPhase section */
		52D6D9791BEFF229002C0205 /* Headers */ = {
			isa = PBXHeadersBuildPhase;
			buildActionMask = 2147483647;
			files = (
			);
			runOnlyForDeploymentPostprocessing = 0;
		};
/* End PBXHeadersBuildPhase section */

/* Begin PBXNativeTarget section */
		52D6D97B1BEFF229002C0205 /* PayseraAccountsSDK */ = {
			isa = PBXNativeTarget;
			buildConfigurationList = 52D6D9901BEFF229002C0205 /* Build configuration list for PBXNativeTarget "PayseraAccountsSDK" */;
			buildPhases = (
				52D6D9771BEFF229002C0205 /* Sources */,
				ED75391F206A9153004EA953 /* Copy Files */,
				52D6D9781BEFF229002C0205 /* Frameworks */,
				52D6D9791BEFF229002C0205 /* Headers */,
				52D6D97A1BEFF229002C0205 /* Resources */,
			);
			buildRules = (
			);
			dependencies = (
			);
			name = PayseraAccountsSDK;
			productName = PayseraAccountsSDK;
			productReference = 52D6D97C1BEFF229002C0205 /* PayseraAccountsSDK.framework */;
			productType = "com.apple.product-type.framework";
		};
		52D6D9851BEFF229002C0205 /* PayseraAccountsSDK-iOS Tests */ = {
			isa = PBXNativeTarget;
			buildConfigurationList = 52D6D9931BEFF229002C0205 /* Build configuration list for PBXNativeTarget "PayseraAccountsSDK-iOS Tests" */;
			buildPhases = (
				52D6D9821BEFF229002C0205 /* Sources */,
				52D6D9831BEFF229002C0205 /* Frameworks */,
				52D6D9841BEFF229002C0205 /* Resources */,
			);
			buildRules = (
			);
			dependencies = (
				1C1B4D97206E5BEB00FEE074 /* PBXTargetDependency */,
			);
			name = "PayseraAccountsSDK-iOS Tests";
			productName = PayseraAccountsSDKTests;
			productReference = 52D6D9861BEFF229002C0205 /* PayseraAccountsSDK-iOS Tests.xctest */;
			productType = "com.apple.product-type.bundle.unit-test";
		};
/* End PBXNativeTarget section */

/* Begin PBXProject section */
		52D6D9731BEFF229002C0205 /* Project object */ = {
			isa = PBXProject;
			attributes = {
				LastSwiftUpdateCheck = 0920;
				LastUpgradeCheck = 0900;
				ORGANIZATIONNAME = Paysera;
				TargetAttributes = {
					52D6D97B1BEFF229002C0205 = {
						CreatedOnToolsVersion = 7.1;
						LastSwiftMigration = 0920;
					};
					52D6D9851BEFF229002C0205 = {
						CreatedOnToolsVersion = 7.1;
						LastSwiftMigration = 0800;
					};
					88774BBA205FE2D200AC5048 = {
						CreatedOnToolsVersion = 9.2;
						DevelopmentTeam = 7X5YDTTCET;
						ProvisioningStyle = Automatic;
					};
				};
			};
			buildConfigurationList = 52D6D9761BEFF229002C0205 /* Build configuration list for PBXProject "PayseraAccountsSDK" */;
			compatibilityVersion = "Xcode 6.3";
			developmentRegion = English;
			hasScannedForEncodings = 0;
			knownRegions = (
				English,
				en,
			);
			mainGroup = 52D6D9721BEFF229002C0205;
			productRefGroup = 52D6D97D1BEFF229002C0205 /* Products */;
			projectDirPath = "";
			projectRoot = "";
			targets = (
				52D6D97B1BEFF229002C0205 /* PayseraAccountsSDK */,
				52D6D9851BEFF229002C0205 /* PayseraAccountsSDK-iOS Tests */,
				88774BBA205FE2D200AC5048 /* PayseraAccountsSDK (universal) */,
			);
		};
/* End PBXProject section */

/* Begin PBXResourcesBuildPhase section */
		52D6D97A1BEFF229002C0205 /* Resources */ = {
			isa = PBXResourcesBuildPhase;
			buildActionMask = 2147483647;
			files = (
				88774BCE205FE5F700AC5048 /* Cartfile in Resources */,
				880FCB94206CB43400350F98 /* PayseraAccountsSDKTests.plist in Resources */,
				880FCB92206CB29700350F98 /* PayseraAccountsSDK.plist in Resources */,
				88774BCD205FE5F700AC5048 /* Cartfile.resolved in Resources */,
			);
			runOnlyForDeploymentPostprocessing = 0;
		};
		52D6D9841BEFF229002C0205 /* Resources */ = {
			isa = PBXResourcesBuildPhase;
			buildActionMask = 2147483647;
			files = (
			);
			runOnlyForDeploymentPostprocessing = 0;
		};
/* End PBXResourcesBuildPhase section */

/* Begin PBXSourcesBuildPhase section */
		52D6D9771BEFF229002C0205 /* Sources */ = {
			isa = PBXSourcesBuildPhase;
			buildActionMask = 2147483647;
			files = (
				EDADCD4622FAD27A00F96D4B /* PSTransfersResult.swift in Sources */,
				ED93B7BB23C38FE2006CD25C /* PSPaymentCardDesign.swift in Sources */,
				C47644DD222800AA00E10BD8 /* CompositeEncoding.swift in Sources */,
				ED6413E221DE4D1700A35417 /* PSGetCategorizedAccountNumbersFilterRequest.swift in Sources */,
				EDF44FAF22DC685D002F4522 /* PSPaymentCardDeliveryCountries.swift in Sources */,
				ED6937ED21E882F90008A1BD /* PSTransferStatus.swift in Sources */,
				1C50616220B7F37E00F4CBE7 /* PSGetPaymentCardsFilterRequest.swift in Sources */,
				1C7A2F7220D8E6C000195C0F /* PSPaymentCardLimit.swift in Sources */,
				88B25A48206A23EB00BE81C5 /* AccountsApiClientFactory.swift in Sources */,
				C438A73822DF3E56002B3640 /* PSAuthorizationUser.swift in Sources */,
				1C8E982120CE518B000770BB /* PSCreatePaymentCardRequest.swift in Sources */,
				ED93B7BD23C3B830006CD25C /* PSPaymentCardDesignFilter.swift in Sources */,
				ED6413E021DE4BE300A35417 /* PSCategorizedAccountNumbers.swift in Sources */,
				EDC33BBA216E0F0B001C1925 /* PSPaymentCardDeliveryPrice.swift in Sources */,
				ED6937DE21E880390008A1BD /* PSTransferNotification.swift in Sources */,
				EDC33BB8216E0E4B001C1925 /* PSPaymentCardIssuePrice.swift in Sources */,
				88B25A50206A302800BE81C5 /* AccountsApiRequestRouter.swift in Sources */,
				ED6937DC21E880240008A1BD /* PSTransfer.swift in Sources */,
				C438A73A22DF3E8F002B3640 /* PSCreateAuthorizationRequest.swift in Sources */,
				88B25A4A206A23EB00BE81C5 /* AccountsApiClient.swift in Sources */,
				ED6937EB21E882D20008A1BD /* Mappable+EnumeratedMapping.swift .swift in Sources */,
				1C9E7F73212D890300B6A66D /* PSUpdatePaymentCardLimitRequest.swift in Sources */,
				ED6937E221E881100008A1BD /* PSTransferInitiator.swift in Sources */,
				1CB5AC7720B43F57006CDDE3 /* PSChargeInfo.swift in Sources */,
				1C7A2F7420D8EF0200195C0F /* PSPaymentCardPIN.swift in Sources */,
				ED6937E421E881340008A1BD /* PSTransferFailureStatus.swift in Sources */,
				ED77A6FD2179B39B00723CD3 /* PSPaymentCardDeliveryDate.swift in Sources */,
				1CB5AC7120B43635006CDDE3 /* PSAccount.swift in Sources */,
				880FCB96206CC6F900350F98 /* PSBalanceInformation.swift in Sources */,
				C43D812522E044E300A94F56 /* PSGetAuthorizationsFilterRequest.swift in Sources */,
				1CB5AC6D20B4090E006CDDE3 /* PSPaymentCard.swift in Sources */,
				88B25A59206A4C6A00BE81C5 /* PSIbanInformation.swift in Sources */,
				ED1091FE21A99BC400C78C79 /* PSQuestionnaire.swift in Sources */,
				1CB5AC7520B43CCC006CDDE3 /* PSPaymentCardClient.swift in Sources */,
				ED6937E821E882A70008A1BD /* PSTransferPayer.swift in Sources */,
				EDADCD4822FAD2BF00F96D4B /* PSTransferFilter.swift in Sources */,
				ED6937E621E8828C0008A1BD /* PSTransferPurpose.swift in Sources */,
				C438A73422DF36AD002B3640 /* PSAuthorization.swift in Sources */,
				A71C4E5023C4798C008C6F22 /* PSPaymentCardDeliveryPreference.swift in Sources */,
				C438A73622DF3DFA002B3640 /* PSSignPermission.swift in Sources */,
				C49F76942278566C00C333E1 /* PSClientAllowance.swift in Sources */,
				1CB5AC6F20B43186006CDDE3 /* PSPaymentCardShippingAddress.swift in Sources */,
				ED6937E021E8804D0008A1BD /* PSTransferBeneficiary.swift in Sources */,
			);
			runOnlyForDeploymentPostprocessing = 0;
		};
		52D6D9821BEFF229002C0205 /* Sources */ = {
			isa = PBXSourcesBuildPhase;
			buildActionMask = 2147483647;
			files = (
				8933C7901EB5B82D000D00A4 /* PayseraAccountsSDKTests.swift in Sources */,
			);
			runOnlyForDeploymentPostprocessing = 0;
		};
/* End PBXSourcesBuildPhase section */

/* Begin PBXTargetDependency section */
		1C1B4D97206E5BEB00FEE074 /* PBXTargetDependency */ = {
			isa = PBXTargetDependency;
			target = 52D6D97B1BEFF229002C0205 /* PayseraAccountsSDK */;
			targetProxy = 1C1B4D96206E5BEB00FEE074 /* PBXContainerItemProxy */;
		};
/* End PBXTargetDependency section */

/* Begin XCBuildConfiguration section */
		52D6D98E1BEFF229002C0205 /* Debug */ = {
			isa = XCBuildConfiguration;
			buildSettings = {
				ALWAYS_SEARCH_USER_PATHS = NO;
				CLANG_CXX_LANGUAGE_STANDARD = "gnu++0x";
				CLANG_CXX_LIBRARY = "libc++";
				CLANG_ENABLE_MODULES = YES;
				CLANG_ENABLE_OBJC_ARC = YES;
				CLANG_WARN_BLOCK_CAPTURE_AUTORELEASING = YES;
				CLANG_WARN_BOOL_CONVERSION = YES;
				CLANG_WARN_COMMA = YES;
				CLANG_WARN_CONSTANT_CONVERSION = YES;
				CLANG_WARN_DIRECT_OBJC_ISA_USAGE = YES_ERROR;
				CLANG_WARN_EMPTY_BODY = YES;
				CLANG_WARN_ENUM_CONVERSION = YES;
				CLANG_WARN_INFINITE_RECURSION = YES;
				CLANG_WARN_INT_CONVERSION = YES;
				CLANG_WARN_NON_LITERAL_NULL_CONVERSION = YES;
				CLANG_WARN_OBJC_LITERAL_CONVERSION = YES;
				CLANG_WARN_OBJC_ROOT_CLASS = YES_ERROR;
				CLANG_WARN_RANGE_LOOP_ANALYSIS = YES;
				CLANG_WARN_STRICT_PROTOTYPES = YES;
				CLANG_WARN_SUSPICIOUS_MOVE = YES;
				CLANG_WARN_UNREACHABLE_CODE = YES;
				CLANG_WARN__DUPLICATE_METHOD_MATCH = YES;
				"CODE_SIGN_IDENTITY[sdk=iphoneos*]" = "iPhone Developer";
				COPY_PHASE_STRIP = NO;
				CURRENT_PROJECT_VERSION = 1;
				DEBUG_INFORMATION_FORMAT = dwarf;
				ENABLE_STRICT_OBJC_MSGSEND = YES;
				ENABLE_TESTABILITY = YES;
				FRAMEWORK_SEARCH_PATHS = "$(PROJECT_DIR)/Carthage/Build/iOS";
				GCC_C_LANGUAGE_STANDARD = gnu99;
				GCC_DYNAMIC_NO_PIC = NO;
				GCC_NO_COMMON_BLOCKS = YES;
				GCC_OPTIMIZATION_LEVEL = 0;
				GCC_PREPROCESSOR_DEFINITIONS = (
					"DEBUG=1",
					"$(inherited)",
				);
				GCC_WARN_64_TO_32_BIT_CONVERSION = YES;
				GCC_WARN_ABOUT_RETURN_TYPE = YES_ERROR;
				GCC_WARN_UNDECLARED_SELECTOR = YES;
				GCC_WARN_UNINITIALIZED_AUTOS = YES_AGGRESSIVE;
				GCC_WARN_UNUSED_FUNCTION = YES;
				GCC_WARN_UNUSED_VARIABLE = YES;
				IPHONEOS_DEPLOYMENT_TARGET = 10.0;
				LD_RUNPATH_SEARCH_PATHS = "@loader_path/Frameworks @executable_path/Frameworks $(PROJECT_DIR)/Carthage/Build/iOS";
				MTL_ENABLE_DEBUG_INFO = YES;
				ONLY_ACTIVE_ARCH = YES;
				SDKROOT = iphoneos;
				SWIFT_OPTIMIZATION_LEVEL = "-Onone";
				SWIFT_VERSION = 4.0;
				TARGETED_DEVICE_FAMILY = "1,2";
				VERSIONING_SYSTEM = "apple-generic";
				VERSION_INFO_PREFIX = "";
			};
			name = Debug;
		};
		52D6D98F1BEFF229002C0205 /* Release */ = {
			isa = XCBuildConfiguration;
			buildSettings = {
				ALWAYS_SEARCH_USER_PATHS = NO;
				CLANG_CXX_LANGUAGE_STANDARD = "gnu++0x";
				CLANG_CXX_LIBRARY = "libc++";
				CLANG_ENABLE_MODULES = YES;
				CLANG_ENABLE_OBJC_ARC = YES;
				CLANG_WARN_BLOCK_CAPTURE_AUTORELEASING = YES;
				CLANG_WARN_BOOL_CONVERSION = YES;
				CLANG_WARN_COMMA = YES;
				CLANG_WARN_CONSTANT_CONVERSION = YES;
				CLANG_WARN_DIRECT_OBJC_ISA_USAGE = YES_ERROR;
				CLANG_WARN_EMPTY_BODY = YES;
				CLANG_WARN_ENUM_CONVERSION = YES;
				CLANG_WARN_INFINITE_RECURSION = YES;
				CLANG_WARN_INT_CONVERSION = YES;
				CLANG_WARN_NON_LITERAL_NULL_CONVERSION = YES;
				CLANG_WARN_OBJC_LITERAL_CONVERSION = YES;
				CLANG_WARN_OBJC_ROOT_CLASS = YES_ERROR;
				CLANG_WARN_RANGE_LOOP_ANALYSIS = YES;
				CLANG_WARN_STRICT_PROTOTYPES = YES;
				CLANG_WARN_SUSPICIOUS_MOVE = YES;
				CLANG_WARN_UNREACHABLE_CODE = YES;
				CLANG_WARN__DUPLICATE_METHOD_MATCH = YES;
				"CODE_SIGN_IDENTITY[sdk=iphoneos*]" = "iPhone Developer";
				COPY_PHASE_STRIP = NO;
				CURRENT_PROJECT_VERSION = 1;
				DEBUG_INFORMATION_FORMAT = "dwarf-with-dsym";
				ENABLE_NS_ASSERTIONS = NO;
				ENABLE_STRICT_OBJC_MSGSEND = YES;
				FRAMEWORK_SEARCH_PATHS = "$(PROJECT_DIR)/Carthage/Build/iOS";
				GCC_C_LANGUAGE_STANDARD = gnu99;
				GCC_NO_COMMON_BLOCKS = YES;
				GCC_WARN_64_TO_32_BIT_CONVERSION = YES;
				GCC_WARN_ABOUT_RETURN_TYPE = YES_ERROR;
				GCC_WARN_UNDECLARED_SELECTOR = YES;
				GCC_WARN_UNINITIALIZED_AUTOS = YES_AGGRESSIVE;
				GCC_WARN_UNUSED_FUNCTION = YES;
				GCC_WARN_UNUSED_VARIABLE = YES;
				IPHONEOS_DEPLOYMENT_TARGET = 10.0;
				LD_RUNPATH_SEARCH_PATHS = "@loader_path/Frameworks @executable_path/Frameworks $(PROJECT_DIR)/Carthage/Build/iOS";
				MTL_ENABLE_DEBUG_INFO = NO;
				SDKROOT = iphoneos;
				SWIFT_VERSION = 4.0;
				TARGETED_DEVICE_FAMILY = "1,2";
				VALIDATE_PRODUCT = YES;
				VERSIONING_SYSTEM = "apple-generic";
				VERSION_INFO_PREFIX = "";
			};
			name = Release;
		};
		52D6D9911BEFF229002C0205 /* Debug */ = {
			isa = XCBuildConfiguration;
			buildSettings = {
				APPLICATION_EXTENSION_API_ONLY = YES;
				CLANG_ENABLE_MODULES = YES;
				"CODE_SIGN_IDENTITY[sdk=iphoneos*]" = "";
				DEFINES_MODULE = YES;
				DYLIB_COMPATIBILITY_VERSION = 1;
				DYLIB_CURRENT_VERSION = 1;
				DYLIB_INSTALL_NAME_BASE = "@rpath";
				FRAMEWORK_SEARCH_PATHS = "$(inherited)";
				INFOPLIST_FILE = "$(SRCROOT)/Configs/PayseraAccountsSDK.plist";
				INSTALL_PATH = "$(LOCAL_LIBRARY_DIR)/Frameworks";
				IPHONEOS_DEPLOYMENT_TARGET = 10.0;
				LD_RUNPATH_SEARCH_PATHS = "$(inherited)";
				ONLY_ACTIVE_ARCH = NO;
				PRODUCT_BUNDLE_IDENTIFIER = com.Paysera.AccountsSDK;
				PRODUCT_NAME = PayseraAccountsSDK;
				SKIP_INSTALL = YES;
				SWIFT_OPTIMIZATION_LEVEL = "-Onone";
				SWIFT_VERSION = 4.0;
			};
			name = Debug;
		};
		52D6D9921BEFF229002C0205 /* Release */ = {
			isa = XCBuildConfiguration;
			buildSettings = {
				APPLICATION_EXTENSION_API_ONLY = YES;
				CLANG_ENABLE_MODULES = YES;
				"CODE_SIGN_IDENTITY[sdk=iphoneos*]" = "";
				DEFINES_MODULE = YES;
				DYLIB_COMPATIBILITY_VERSION = 1;
				DYLIB_CURRENT_VERSION = 1;
				DYLIB_INSTALL_NAME_BASE = "@rpath";
				FRAMEWORK_SEARCH_PATHS = "$(inherited)";
				INFOPLIST_FILE = "$(SRCROOT)/Configs/PayseraAccountsSDK.plist";
				INSTALL_PATH = "$(LOCAL_LIBRARY_DIR)/Frameworks";
				IPHONEOS_DEPLOYMENT_TARGET = 10.0;
				LD_RUNPATH_SEARCH_PATHS = "$(inherited)";
				PRODUCT_BUNDLE_IDENTIFIER = com.Paysera.AccountsSDK;
				PRODUCT_NAME = PayseraAccountsSDK;
				SKIP_INSTALL = YES;
				SWIFT_OPTIMIZATION_LEVEL = "-Owholemodule";
				SWIFT_VERSION = 4.0;
			};
			name = Release;
		};
		52D6D9941BEFF229002C0205 /* Debug */ = {
			isa = XCBuildConfiguration;
			buildSettings = {
				ALWAYS_EMBED_SWIFT_STANDARD_LIBRARIES = YES;
				CLANG_ENABLE_MODULES = YES;
				FRAMEWORK_SEARCH_PATHS = (
					"$(inherited)",
					"$(PROJECT_DIR)",
				);
				INFOPLIST_FILE = Configs/PayseraAccountsSDKTests.plist;
				LD_RUNPATH_SEARCH_PATHS = "$(inherited)";
				PRODUCT_BUNDLE_IDENTIFIER = "com.PayseraAccountsSDK.PayseraAccountsSDK-iOS-Tests";
				PRODUCT_NAME = "$(TARGET_NAME)";
				SWIFT_OPTIMIZATION_LEVEL = "-Onone";
				SWIFT_VERSION = 4.0;
			};
			name = Debug;
		};
		52D6D9951BEFF229002C0205 /* Release */ = {
			isa = XCBuildConfiguration;
			buildSettings = {
				ALWAYS_EMBED_SWIFT_STANDARD_LIBRARIES = YES;
				CLANG_ENABLE_MODULES = YES;
				FRAMEWORK_SEARCH_PATHS = (
					"$(inherited)",
					"$(PROJECT_DIR)",
				);
				INFOPLIST_FILE = Configs/PayseraAccountsSDKTests.plist;
				LD_RUNPATH_SEARCH_PATHS = "$(inherited)";
				PRODUCT_BUNDLE_IDENTIFIER = "com.PayseraAccountsSDK.PayseraAccountsSDK-iOS-Tests";
				PRODUCT_NAME = "$(TARGET_NAME)";
				SWIFT_OPTIMIZATION_LEVEL = "-Owholemodule";
				SWIFT_VERSION = 4.0;
			};
			name = Release;
		};
		88774BBB205FE2D200AC5048 /* Debug */ = {
			isa = XCBuildConfiguration;
			buildSettings = {
				CODE_SIGN_STYLE = Automatic;
				DEVELOPMENT_TEAM = 7X5YDTTCET;
				PRODUCT_NAME = "$(TARGET_NAME)";
			};
			name = Debug;
		};
		88774BBC205FE2D200AC5048 /* Release */ = {
			isa = XCBuildConfiguration;
			buildSettings = {
				CODE_SIGN_STYLE = Automatic;
				DEVELOPMENT_TEAM = 7X5YDTTCET;
				PRODUCT_NAME = "$(TARGET_NAME)";
			};
			name = Release;
		};
/* End XCBuildConfiguration section */

/* Begin XCConfigurationList section */
		52D6D9761BEFF229002C0205 /* Build configuration list for PBXProject "PayseraAccountsSDK" */ = {
			isa = XCConfigurationList;
			buildConfigurations = (
				52D6D98E1BEFF229002C0205 /* Debug */,
				52D6D98F1BEFF229002C0205 /* Release */,
			);
			defaultConfigurationIsVisible = 0;
			defaultConfigurationName = Release;
		};
		52D6D9901BEFF229002C0205 /* Build configuration list for PBXNativeTarget "PayseraAccountsSDK" */ = {
			isa = XCConfigurationList;
			buildConfigurations = (
				52D6D9911BEFF229002C0205 /* Debug */,
				52D6D9921BEFF229002C0205 /* Release */,
			);
			defaultConfigurationIsVisible = 0;
			defaultConfigurationName = Release;
		};
		52D6D9931BEFF229002C0205 /* Build configuration list for PBXNativeTarget "PayseraAccountsSDK-iOS Tests" */ = {
			isa = XCConfigurationList;
			buildConfigurations = (
				52D6D9941BEFF229002C0205 /* Debug */,
				52D6D9951BEFF229002C0205 /* Release */,
			);
			defaultConfigurationIsVisible = 0;
			defaultConfigurationName = Release;
		};
		88774BBD205FE2D200AC5048 /* Build configuration list for PBXAggregateTarget "PayseraAccountsSDK (universal)" */ = {
			isa = XCConfigurationList;
			buildConfigurations = (
				88774BBB205FE2D200AC5048 /* Debug */,
				88774BBC205FE2D200AC5048 /* Release */,
			);
			defaultConfigurationIsVisible = 0;
			defaultConfigurationName = Release;
		};
/* End XCConfigurationList section */
	};
	rootObject = 52D6D9731BEFF229002C0205 /* Project object */;
}
